{
  "requires": true,
  "lockfileVersion": 1,
  "dependencies": {
    "ptouchton-frame-print": {
      "version": "1.0.0",
      "resolved": "https://registry.npmjs.org/ptouchton-frame-print/-/ptouchton-frame-print-1.0.0.tgz",
      "integrity": "sha512-7JLGatWK1ut4I6obro8oRirjst8mhMFxfsolr4OqBtP+d+7L/k9EZzzVwHElqq0ufGds/bE84rVBIYYA11Gk2A=="
    }
  }
}
